
Microsoft Visual Studio Solution File, Format Version 12.00
# Visual Studio Version 17
VisualStudioVersion = 17.4.33110.190
MinimumVisualStudioVersion = 10.0.40219.1
Project("{FAE04EC0-301F-11D3-BF4B-00C04F79EFBC}") = "UnitTestProject1", "UnitTestProject1\UnitTestProject1.csproj", "{B6A8FF7C-F17C-442F-A5F1-6B177878D26A}"
EndProject
Project("{FAE04EC0-301F-11D3-BF4B-00C04F79EFBC}") = "unitTest", "unitTest\unitTest.csproj", "{EF5F23FC-D9D2-4547-AEC1-5248B190C15B}"
EndProject
Global
	GlobalSection(SolutionConfigurationPlatforms) = preSolution
		Debug|Any CPU = Debug|Any CPU
		Release|Any CPU = Release|Any CPU
	EndGlobalSection
	GlobalSection(ProjectConfigurationPlatforms) = postSolution
		{B6A8FF7C-F17C-442F-A5F1-6B177878D26A}.Debug|Any CPU.ActiveCfg = Debug|Any CPU
		{B6A8FF7C-F17C-442F-A5F1-6B177878D26A}.Debug|Any CPU.Build.0 = Debug|Any CPU
		{B6A8FF7C-F17C-442F-A5F1-6B177878D26A}.Release|Any CPU.ActiveCfg = Release|Any CPU
		{B6A8FF7C-F17C-442F-A5F1-6B177878D26A}.Release|Any CPU.Build.0 = Release|Any CPU
		{EF5F23FC-D9D2-4547-AEC1-5248B190C15B}.Debug|Any CPU.ActiveCfg = Debug|Any CPU
		{EF5F23FC-D9D2-4547-AEC1-5248B190C15B}.Debug|Any CPU.Build.0 = Debug|Any CPU
		{EF5F23FC-D9D2-4547-AEC1-5248B190C15B}.Release|Any CPU.ActiveCfg = Release|Any CPU
		{EF5F23FC-D9D2-4547-AEC1-5248B190C15B}.Release|Any CPU.Build.0 = Release|Any CPU
	EndGlobalSection
	GlobalSection(SolutionProperties) = preSolution
		HideSolutionNode = FALSE
	EndGlobalSection
	GlobalSection(ExtensibilityGlobals) = postSolution
		SolutionGuid = {93C461DB-F105-4597-B700-DDE18C67D42B}
	EndGlobalSection
EndGlobal
